
Microsoft Visual Studio Solution File, Format Version 12.00
# Visual Studio Version 17
VisualStudioVersion = 17.10.35013.160
MinimumVisualStudioVersion = 10.0.40219.1
Project("{FAE04EC0-301F-11D3-BF4B-00C04F79EFBC}") = "TestWebApplication", "TestWebApplication.csproj", "{384A4737-E50C-4E81-B840-90966651F6A3}"
EndProject
Global
	GlobalSection(SolutionConfigurationPlatforms) = preSolution
		Debug|Any CPU = Debug|Any CPU
		Release|Any CPU = Release|Any CPU
	EndGlobalSection
	GlobalSection(ProjectConfigurationPlatforms) = postSolution
		{384A4737-E50C-4E81-B840-90966651F6A3}.Debug|Any CPU.ActiveCfg = Debug|Any CPU
		{384A4737-E50C-4E81-B840-90966651F6A3}.Debug|Any CPU.Build.0 = Debug|Any CPU
		{384A4737-E50C-4E81-B840-90966651F6A3}.Release|Any CPU.ActiveCfg = Release|Any CPU
		{384A4737-E50C-4E81-B840-90966651F6A3}.Release|Any CPU.Build.0 = Release|Any CPU
	EndGlobalSection
	GlobalSection(SolutionProperties) = preSolution
		HideSolutionNode = FALSE
	EndGlobalSection
	GlobalSection(ExtensibilityGlobals) = postSolution
		SolutionGuid = {1D5F89BF-43D1-4F99-AFD4-A595BD1CB0B6}
	EndGlobalSection
EndGlobal
